
Microsoft Visual Studio Solution File, Format Version 12.00
# Visual Studio Version 17
VisualStudioVersion = 17.13.35931.197
MinimumVisualStudioVersion = 10.0.40219.1
Project("{FAE04EC0-301F-11D3-BF4B-00C04F79EFBC}") = "api", "api\api.csproj", "{35F1F800-AB83-4E19-A49A-C6978A985A4C}"
EndProject
Project("{FAE04EC0-301F-11D3-BF4B-00C04F79EFBC}") = "library", "model\library.csproj", "{C336F062-77D1-47BF-9F86-E1DFA0F7BC10}"
EndProject
Project("{FAE04EC0-301F-11D3-BF4B-00C04F79EFBC}") = "service", "service\service.csproj", "{043102DD-F7A6-4B49-8A91-275C5C711E15}"
EndProject
Project("{FAE04EC0-301F-11D3-BF4B-00C04F79EFBC}") = "data", "data\data.csproj", "{C223050F-6714-4C6C-B939-DABC76233DF0}"
EndProject
Global
	GlobalSection(SolutionConfigurationPlatforms) = preSolution
		Debug|Any CPU = Debug|Any CPU
		Release|Any CPU = Release|Any CPU
	EndGlobalSection
	GlobalSection(ProjectConfigurationPlatforms) = postSolution
		{35F1F800-AB83-4E19-A49A-C6978A985A4C}.Debug|Any CPU.ActiveCfg = Debug|Any CPU
		{35F1F800-AB83-4E19-A49A-C6978A985A4C}.Debug|Any CPU.Build.0 = Debug|Any CPU
		{35F1F800-AB83-4E19-A49A-C6978A985A4C}.Release|Any CPU.ActiveCfg = Release|Any CPU
		{35F1F800-AB83-4E19-A49A-C6978A985A4C}.Release|Any CPU.Build.0 = Release|Any CPU
		{C336F062-77D1-47BF-9F86-E1DFA0F7BC10}.Debug|Any CPU.ActiveCfg = Debug|Any CPU
		{C336F062-77D1-47BF-9F86-E1DFA0F7BC10}.Debug|Any CPU.Build.0 = Debug|Any CPU
		{C336F062-77D1-47BF-9F86-E1DFA0F7BC10}.Release|Any CPU.ActiveCfg = Release|Any CPU
		{C336F062-77D1-47BF-9F86-E1DFA0F7BC10}.Release|Any CPU.Build.0 = Release|Any CPU
		{043102DD-F7A6-4B49-8A91-275C5C711E15}.Debug|Any CPU.ActiveCfg = Debug|Any CPU
		{043102DD-F7A6-4B49-8A91-275C5C711E15}.Debug|Any CPU.Build.0 = Debug|Any CPU
		{043102DD-F7A6-4B49-8A91-275C5C711E15}.Release|Any CPU.ActiveCfg = Release|Any CPU
		{043102DD-F7A6-4B49-8A91-275C5C711E15}.Release|Any CPU.Build.0 = Release|Any CPU
		{C223050F-6714-4C6C-B939-DABC76233DF0}.Debug|Any CPU.ActiveCfg = Debug|Any CPU
		{C223050F-6714-4C6C-B939-DABC76233DF0}.Debug|Any CPU.Build.0 = Debug|Any CPU
		{C223050F-6714-4C6C-B939-DABC76233DF0}.Release|Any CPU.ActiveCfg = Release|Any CPU
		{C223050F-6714-4C6C-B939-DABC76233DF0}.Release|Any CPU.Build.0 = Release|Any CPU
	EndGlobalSection
	GlobalSection(SolutionProperties) = preSolution
		HideSolutionNode = FALSE
	EndGlobalSection
	GlobalSection(ExtensibilityGlobals) = postSolution
		SolutionGuid = {DEC3B3F5-EDE7-4DF4-86ED-8AB26052C9EA}
	EndGlobalSection
EndGlobal
